# THIS IS AN AUTOGENERATED FILE. DO NOT EDIT THIS FILE DIRECTLY.
# yarn lockfile v1


get-caller-file@^1.0.2:
  version "1.0.2"
  resolved "https://registry.yarnpkg.com/get-caller-file/-/get-caller-file-1.0.2.tgz#f702e63127e7e231c160a80c1554acb70d5047e5"

get-stdin@~0.1.0:
  version "0.1.0"
  resolved "https://registry.yarnpkg.com/get-stdin/-/get-stdin-0.1.0.tgz#5998af24aafc802d15c82c685657eeb8b10d4a91"

mock-require@^3.0.2:
  version "3.0.2"
  resolved "https://registry.yarnpkg.com/mock-require/-/mock-require-3.0.2.tgz#7ce759b559e3b194be5f20a5b1cece0eb363f53d"
  dependencies:
    get-caller-file "^1.0.2"
    normalize-path "^2.1.1"

normalize-path@^2.1.1:
  version "2.1.1"
  resolved "https://registry.yarnpkg.com/normalize-path/-/normalize-path-2.1.1.tgz#1ab28b556e198363a8c1a6f7e6fa20137fe6aed9"
  dependencies:
    remove-trailing-separator "^1.0.1"

pandoc-filter@^1.0.0:
  version "1.0.0"
  resolved "https://registry.yarnpkg.com/pandoc-filter/-/pandoc-filter-1.0.0.tgz#753b106e2c2c4e5da9712e437912289805a63a37"
  dependencies:
    get-stdin "~0.1.0"

remove-trailing-separator@^1.0.1:
  version "1.1.0"
  resolved "https://registry.yarnpkg.com/remove-trailing-separator/-/remove-trailing-separator-1.1.0.tgz#c24bce2a283adad5bc3f58e0d48249b92379d8ef"
